
Microsoft Visual Studio Solution File, Format Version 12.00
# Visual Studio 15
VisualStudioVersion = 15.0.33529.398
MinimumVisualStudioVersion = 10.0.40219.1
Project("{8BC9CEB8-8B4A-11D0-8D11-00A0C91BC942}") = "binary-validation", "demo\test\binary-validation.vcxproj", "{314B1C51-9E58-3373-8A66-A2DABB221453}"
	ProjectSection(ProjectDependencies) = postProject
		{B5CAA98D-D6B8-30B4-9C44-ABC7E142CF14} = {B5CAA98D-D6B8-30B4-9C44-ABC7E142CF14}
	EndProjectSection
EndProject
Project("{8BC9CEB8-8B4A-11D0-8D11-00A0C91BC942}") = "errors", "demo\test\errors.vcxproj", "{814A8B7E-E6E5-3F4B-BBC1-F125EC083823}"
	ProjectSection(ProjectDependencies) = postProject
		{B5CAA98D-D6B8-30B4-9C44-ABC7E142CF14} = {B5CAA98D-D6B8-30B4-9C44-ABC7E142CF14}
	EndProjectSection
EndProject
Project("{8BC9CEB8-8B4A-11D0-8D11-00A0C91BC942}") = "format-json-schema", "demo\app\format-json-schema.vcxproj", "{24BD9854-5A8D-3411-8F2C-9F9BB176EFE4}"
	ProjectSection(ProjectDependencies) = postProject
		{B5CAA98D-D6B8-30B4-9C44-ABC7E142CF14} = {B5CAA98D-D6B8-30B4-9C44-ABC7E142CF14}
	EndProjectSection
EndProject
Project("{8BC9CEB8-8B4A-11D0-8D11-00A0C91BC942}") = "issue-117-format-error", "demo\test\issue-117-format-error.vcxproj", "{F90C8A01-4523-3CC1-956B-50BD70DEB5DC}"
	ProjectSection(ProjectDependencies) = postProject
		{B5CAA98D-D6B8-30B4-9C44-ABC7E142CF14} = {B5CAA98D-D6B8-30B4-9C44-ABC7E142CF14}
	EndProjectSection
EndProject
Project("{8BC9CEB8-8B4A-11D0-8D11-00A0C91BC942}") = "issue-149-entry-selection", "demo\test\issue-149-entry-selection.vcxproj", "{0EAE7145-F132-3326-A53D-63C1EDB9C6A8}"
	ProjectSection(ProjectDependencies) = postProject
		{B5CAA98D-D6B8-30B4-9C44-ABC7E142CF14} = {B5CAA98D-D6B8-30B4-9C44-ABC7E142CF14}
	EndProjectSection
EndProject
Project("{8BC9CEB8-8B4A-11D0-8D11-00A0C91BC942}") = "issue-189-default-values", "demo\test\issue-189-default-values.vcxproj", "{374ECE2D-7463-34F5-864D-3F1AF1753AC1}"
	ProjectSection(ProjectDependencies) = postProject
		{B5CAA98D-D6B8-30B4-9C44-ABC7E142CF14} = {B5CAA98D-D6B8-30B4-9C44-ABC7E142CF14}
	EndProjectSection
EndProject
Project("{8BC9CEB8-8B4A-11D0-8D11-00A0C91BC942}") = "issue-25-default-values", "demo\test\issue-25-default-values.vcxproj", "{CBC6845C-F881-3955-8C9B-24138438A2EB}"
	ProjectSection(ProjectDependencies) = postProject
		{B5CAA98D-D6B8-30B4-9C44-ABC7E142CF14} = {B5CAA98D-D6B8-30B4-9C44-ABC7E142CF14}
	EndProjectSection
EndProject
Project("{8BC9CEB8-8B4A-11D0-8D11-00A0C91BC942}") = "issue-70", "demo\test\issue-70.vcxproj", "{D5BAD267-1F8A-3EB1-9DF3-D1FAE7DF43F8}"
	ProjectSection(ProjectDependencies) = postProject
		{B5CAA98D-D6B8-30B4-9C44-ABC7E142CF14} = {B5CAA98D-D6B8-30B4-9C44-ABC7E142CF14}
	EndProjectSection
EndProject
Project("{8BC9CEB8-8B4A-11D0-8D11-00A0C91BC942}") = "issue-70-root-schema-constructor", "demo\test\issue-70-root-schema-constructor.vcxproj", "{D17B8DAD-CAA5-3A32-8527-37238E43C7AA}"
	ProjectSection(ProjectDependencies) = postProject
		{B5CAA98D-D6B8-30B4-9C44-ABC7E142CF14} = {B5CAA98D-D6B8-30B4-9C44-ABC7E142CF14}
	EndProjectSection
EndProject
Project("{8BC9CEB8-8B4A-11D0-8D11-00A0C91BC942}") = "issue-98", "demo\test\issue-98.vcxproj", "{AFFF60A5-F164-36E9-B8FE-A4FDDF7EF33D}"
	ProjectSection(ProjectDependencies) = postProject
		{B5CAA98D-D6B8-30B4-9C44-ABC7E142CF14} = {B5CAA98D-D6B8-30B4-9C44-ABC7E142CF14}
	EndProjectSection
EndProject
Project("{8BC9CEB8-8B4A-11D0-8D11-00A0C91BC942}") = "json-patch", "demo\test\json-patch.vcxproj", "{201EC352-D81A-3D4E-96E6-3AFC6A911242}"
	ProjectSection(ProjectDependencies) = postProject
		{B5CAA98D-D6B8-30B4-9C44-ABC7E142CF14} = {B5CAA98D-D6B8-30B4-9C44-ABC7E142CF14}
	EndProjectSection
EndProject
Project("{8BC9CEB8-8B4A-11D0-8D11-00A0C91BC942}") = "json-schema-validate", "demo\app\json-schema-validate.vcxproj", "{DD8260CC-06C7-3F56-A54E-840FBBF0F230}"
	ProjectSection(ProjectDependencies) = postProject
		{B5CAA98D-D6B8-30B4-9C44-ABC7E142CF14} = {B5CAA98D-D6B8-30B4-9C44-ABC7E142CF14}
	EndProjectSection
EndProject
Project("{8BC9CEB8-8B4A-11D0-8D11-00A0C91BC942}") = "readme-json-schema", "demo\app\readme-json-schema.vcxproj", "{A2EC43E3-959A-3585-874A-BAA049BB331F}"
	ProjectSection(ProjectDependencies) = postProject
		{B5CAA98D-D6B8-30B4-9C44-ABC7E142CF14} = {B5CAA98D-D6B8-30B4-9C44-ABC7E142CF14}
	EndProjectSection
EndProject
Project("{8BC9CEB8-8B4A-11D0-8D11-00A0C91BC942}") = "string-format-check-test", "demo\test\string-format-check-test.vcxproj", "{3A2814CB-6A2E-378C-8E41-05CE94B696DD}"
	ProjectSection(ProjectDependencies) = postProject
		{B5CAA98D-D6B8-30B4-9C44-ABC7E142CF14} = {B5CAA98D-D6B8-30B4-9C44-ABC7E142CF14}
	EndProjectSection
EndProject
Project("{8BC9CEB8-8B4A-11D0-8D11-00A0C91BC942}") = "uri", "demo\test\uri.vcxproj", "{6DCB0491-0273-3A7C-8586-4781F8652F4C}"
	ProjectSection(ProjectDependencies) = postProject
		{B5CAA98D-D6B8-30B4-9C44-ABC7E142CF14} = {B5CAA98D-D6B8-30B4-9C44-ABC7E142CF14}
	EndProjectSection
EndProject
Project("{2150E333-8FDC-42A3-9474-1A3956D46DE8}") = "0_thirdparty", "0_thirdparty", "{4F6536C9-2962-46FA-9AD3-60076574A842}"
EndProject
Project("{2150E333-8FDC-42A3-9474-1A3956D46DE8}") = "1_demo", "1_demo", "{C82D7ED1-1EFA-41CF-A711-6F0487967D13}"
EndProject
Project("{2150E333-8FDC-42A3-9474-1A3956D46DE8}") = "app", "app", "{9D690BBB-814F-420E-B799-E88D1D945971}"
EndProject
Project("{2150E333-8FDC-42A3-9474-1A3956D46DE8}") = "test", "test", "{9587EAAE-E473-4DCE-8F84-5D7AA632A2DA}"
EndProject
Project("{8BC9CEB8-8B4A-11D0-8D11-00A0C91BC942}") = "libjson_schema_validator", "thirdparty\json-schema-validator-2.2.0\libjson_schema_validator.vcxproj", "{B5CAA98D-D6B8-30B4-9C44-ABC7E142CF14}"
EndProject
Global
	GlobalSection(SolutionConfigurationPlatforms) = preSolution
		Debug|x64 = Debug|x64
		Release|x64 = Release|x64
	EndGlobalSection
	GlobalSection(ProjectConfigurationPlatforms) = postSolution
		{314B1C51-9E58-3373-8A66-A2DABB221453}.Debug|x64.ActiveCfg = Debug|x64
		{314B1C51-9E58-3373-8A66-A2DABB221453}.Debug|x64.Build.0 = Debug|x64
		{314B1C51-9E58-3373-8A66-A2DABB221453}.Release|x64.ActiveCfg = Release|x64
		{314B1C51-9E58-3373-8A66-A2DABB221453}.Release|x64.Build.0 = Release|x64
		{814A8B7E-E6E5-3F4B-BBC1-F125EC083823}.Debug|x64.ActiveCfg = Debug|x64
		{814A8B7E-E6E5-3F4B-BBC1-F125EC083823}.Debug|x64.Build.0 = Debug|x64
		{814A8B7E-E6E5-3F4B-BBC1-F125EC083823}.Release|x64.ActiveCfg = Release|x64
		{814A8B7E-E6E5-3F4B-BBC1-F125EC083823}.Release|x64.Build.0 = Release|x64
		{24BD9854-5A8D-3411-8F2C-9F9BB176EFE4}.Debug|x64.ActiveCfg = Debug|x64
		{24BD9854-5A8D-3411-8F2C-9F9BB176EFE4}.Debug|x64.Build.0 = Debug|x64
		{24BD9854-5A8D-3411-8F2C-9F9BB176EFE4}.Release|x64.ActiveCfg = Release|x64
		{24BD9854-5A8D-3411-8F2C-9F9BB176EFE4}.Release|x64.Build.0 = Release|x64
		{F90C8A01-4523-3CC1-956B-50BD70DEB5DC}.Debug|x64.ActiveCfg = Debug|x64
		{F90C8A01-4523-3CC1-956B-50BD70DEB5DC}.Debug|x64.Build.0 = Debug|x64
		{F90C8A01-4523-3CC1-956B-50BD70DEB5DC}.Release|x64.ActiveCfg = Release|x64
		{F90C8A01-4523-3CC1-956B-50BD70DEB5DC}.Release|x64.Build.0 = Release|x64
		{0EAE7145-F132-3326-A53D-63C1EDB9C6A8}.Debug|x64.ActiveCfg = Debug|x64
		{0EAE7145-F132-3326-A53D-63C1EDB9C6A8}.Debug|x64.Build.0 = Debug|x64
		{0EAE7145-F132-3326-A53D-63C1EDB9C6A8}.Release|x64.ActiveCfg = Release|x64
		{0EAE7145-F132-3326-A53D-63C1EDB9C6A8}.Release|x64.Build.0 = Release|x64
		{374ECE2D-7463-34F5-864D-3F1AF1753AC1}.Debug|x64.ActiveCfg = Debug|x64
		{374ECE2D-7463-34F5-864D-3F1AF1753AC1}.Debug|x64.Build.0 = Debug|x64
		{374ECE2D-7463-34F5-864D-3F1AF1753AC1}.Release|x64.ActiveCfg = Release|x64
		{374ECE2D-7463-34F5-864D-3F1AF1753AC1}.Release|x64.Build.0 = Release|x64
		{CBC6845C-F881-3955-8C9B-24138438A2EB}.Debug|x64.ActiveCfg = Debug|x64
		{CBC6845C-F881-3955-8C9B-24138438A2EB}.Debug|x64.Build.0 = Debug|x64
		{CBC6845C-F881-3955-8C9B-24138438A2EB}.Release|x64.ActiveCfg = Release|x64
		{CBC6845C-F881-3955-8C9B-24138438A2EB}.Release|x64.Build.0 = Release|x64
		{D5BAD267-1F8A-3EB1-9DF3-D1FAE7DF43F8}.Debug|x64.ActiveCfg = Debug|x64
		{D5BAD267-1F8A-3EB1-9DF3-D1FAE7DF43F8}.Debug|x64.Build.0 = Debug|x64
		{D5BAD267-1F8A-3EB1-9DF3-D1FAE7DF43F8}.Release|x64.ActiveCfg = Release|x64
		{D5BAD267-1F8A-3EB1-9DF3-D1FAE7DF43F8}.Release|x64.Build.0 = Release|x64
		{D17B8DAD-CAA5-3A32-8527-37238E43C7AA}.Debug|x64.ActiveCfg = Debug|x64
		{D17B8DAD-CAA5-3A32-8527-37238E43C7AA}.Debug|x64.Build.0 = Debug|x64
		{D17B8DAD-CAA5-3A32-8527-37238E43C7AA}.Release|x64.ActiveCfg = Release|x64
		{D17B8DAD-CAA5-3A32-8527-37238E43C7AA}.Release|x64.Build.0 = Release|x64
		{AFFF60A5-F164-36E9-B8FE-A4FDDF7EF33D}.Debug|x64.ActiveCfg = Debug|x64
		{AFFF60A5-F164-36E9-B8FE-A4FDDF7EF33D}.Debug|x64.Build.0 = Debug|x64
		{AFFF60A5-F164-36E9-B8FE-A4FDDF7EF33D}.Release|x64.ActiveCfg = Release|x64
		{AFFF60A5-F164-36E9-B8FE-A4FDDF7EF33D}.Release|x64.Build.0 = Release|x64
		{201EC352-D81A-3D4E-96E6-3AFC6A911242}.Debug|x64.ActiveCfg = Debug|x64
		{201EC352-D81A-3D4E-96E6-3AFC6A911242}.Debug|x64.Build.0 = Debug|x64
		{201EC352-D81A-3D4E-96E6-3AFC6A911242}.Release|x64.ActiveCfg = Release|x64
		{201EC352-D81A-3D4E-96E6-3AFC6A911242}.Release|x64.Build.0 = Release|x64
		{DD8260CC-06C7-3F56-A54E-840FBBF0F230}.Debug|x64.ActiveCfg = Debug|x64
		{DD8260CC-06C7-3F56-A54E-840FBBF0F230}.Debug|x64.Build.0 = Debug|x64
		{DD8260CC-06C7-3F56-A54E-840FBBF0F230}.Release|x64.ActiveCfg = Release|x64
		{DD8260CC-06C7-3F56-A54E-840FBBF0F230}.Release|x64.Build.0 = Release|x64
		{A2EC43E3-959A-3585-874A-BAA049BB331F}.Debug|x64.ActiveCfg = Debug|x64
		{A2EC43E3-959A-3585-874A-BAA049BB331F}.Debug|x64.Build.0 = Debug|x64
		{A2EC43E3-959A-3585-874A-BAA049BB331F}.Release|x64.ActiveCfg = Release|x64
		{A2EC43E3-959A-3585-874A-BAA049BB331F}.Release|x64.Build.0 = Release|x64
		{3A2814CB-6A2E-378C-8E41-05CE94B696DD}.Debug|x64.ActiveCfg = Debug|x64
		{3A2814CB-6A2E-378C-8E41-05CE94B696DD}.Debug|x64.Build.0 = Debug|x64
		{3A2814CB-6A2E-378C-8E41-05CE94B696DD}.Release|x64.ActiveCfg = Release|x64
		{3A2814CB-6A2E-378C-8E41-05CE94B696DD}.Release|x64.Build.0 = Release|x64
		{6DCB0491-0273-3A7C-8586-4781F8652F4C}.Debug|x64.ActiveCfg = Debug|x64
		{6DCB0491-0273-3A7C-8586-4781F8652F4C}.Debug|x64.Build.0 = Debug|x64
		{6DCB0491-0273-3A7C-8586-4781F8652F4C}.Release|x64.ActiveCfg = Release|x64
		{6DCB0491-0273-3A7C-8586-4781F8652F4C}.Release|x64.Build.0 = Release|x64
		{B5CAA98D-D6B8-30B4-9C44-ABC7E142CF14}.Debug|x64.ActiveCfg = Debug|x64
		{B5CAA98D-D6B8-30B4-9C44-ABC7E142CF14}.Debug|x64.Build.0 = Debug|x64
		{B5CAA98D-D6B8-30B4-9C44-ABC7E142CF14}.Release|x64.ActiveCfg = Release|x64
		{B5CAA98D-D6B8-30B4-9C44-ABC7E142CF14}.Release|x64.Build.0 = Release|x64
	EndGlobalSection
	GlobalSection(SolutionProperties) = preSolution
		HideSolutionNode = FALSE
	EndGlobalSection
	GlobalSection(NestedProjects) = preSolution
		{314B1C51-9E58-3373-8A66-A2DABB221453} = {9587EAAE-E473-4DCE-8F84-5D7AA632A2DA}
		{814A8B7E-E6E5-3F4B-BBC1-F125EC083823} = {9587EAAE-E473-4DCE-8F84-5D7AA632A2DA}
		{24BD9854-5A8D-3411-8F2C-9F9BB176EFE4} = {9D690BBB-814F-420E-B799-E88D1D945971}
		{F90C8A01-4523-3CC1-956B-50BD70DEB5DC} = {9587EAAE-E473-4DCE-8F84-5D7AA632A2DA}
		{0EAE7145-F132-3326-A53D-63C1EDB9C6A8} = {9587EAAE-E473-4DCE-8F84-5D7AA632A2DA}
		{374ECE2D-7463-34F5-864D-3F1AF1753AC1} = {9587EAAE-E473-4DCE-8F84-5D7AA632A2DA}
		{CBC6845C-F881-3955-8C9B-24138438A2EB} = {9587EAAE-E473-4DCE-8F84-5D7AA632A2DA}
		{D5BAD267-1F8A-3EB1-9DF3-D1FAE7DF43F8} = {9587EAAE-E473-4DCE-8F84-5D7AA632A2DA}
		{D17B8DAD-CAA5-3A32-8527-37238E43C7AA} = {9587EAAE-E473-4DCE-8F84-5D7AA632A2DA}
		{AFFF60A5-F164-36E9-B8FE-A4FDDF7EF33D} = {9587EAAE-E473-4DCE-8F84-5D7AA632A2DA}
		{201EC352-D81A-3D4E-96E6-3AFC6A911242} = {9587EAAE-E473-4DCE-8F84-5D7AA632A2DA}
		{DD8260CC-06C7-3F56-A54E-840FBBF0F230} = {9D690BBB-814F-420E-B799-E88D1D945971}
		{A2EC43E3-959A-3585-874A-BAA049BB331F} = {9D690BBB-814F-420E-B799-E88D1D945971}
		{3A2814CB-6A2E-378C-8E41-05CE94B696DD} = {9587EAAE-E473-4DCE-8F84-5D7AA632A2DA}
		{6DCB0491-0273-3A7C-8586-4781F8652F4C} = {9587EAAE-E473-4DCE-8F84-5D7AA632A2DA}
		{9D690BBB-814F-420E-B799-E88D1D945971} = {C82D7ED1-1EFA-41CF-A711-6F0487967D13}
		{9587EAAE-E473-4DCE-8F84-5D7AA632A2DA} = {C82D7ED1-1EFA-41CF-A711-6F0487967D13}
		{B5CAA98D-D6B8-30B4-9C44-ABC7E142CF14} = {4F6536C9-2962-46FA-9AD3-60076574A842}
	EndGlobalSection
	GlobalSection(ExtensibilityGlobals) = postSolution
		SolutionGuid = {E55ABE5B-C9D4-3379-991A-D5FE8374BEEA}
	EndGlobalSection
EndGlobal
